<?xml version="1.0" encoding="utf-8"?>
<Project ToolsVersion="4.0" xmlns="http://schemas.microsoft.com/developer/msbuild/2003">
  <ItemGroup>
    <Filter Include="소스 파일">
      <UniqueIdentifier>{4FC737F1-C7A5-4376-A066-2A32D752A2FF}</UniqueIdentifier>
      <Extensions>cpp;c;cc;cxx;c++;cppm;ixx;def;odl;idl;hpj;bat;asm;asmx</Extensions>
    </Filter>
    <Filter Include="리소스 파일">
      <UniqueIdentifier>{67DA6AB6-F800-4c08-8B7A-83BB121AAD01}</UniqueIdentifier>
      <Extensions>rc;ico;cur;bmp;dlg;rc2;rct;bin;rgs;gif;jpg;jpeg;jpe;resx;tiff;tif;png;wav;mfcribbon-ms</Extensions>
    </Filter>
    <Filter Include="소스 파일\TextRPG">
      <UniqueIdentifier>{180927c4-4dbf-439a-9b76-67ca9ad968aa}</UniqueIdentifier>
    </Filter>
    <Filter Include="소스 파일\TextRPG\Manager">
      <UniqueIdentifier>{05f6eb69-20b9-464e-a18d-8ac3eb530072}</UniqueIdentifier>
    </Filter>
    <Filter Include="소스 파일\TextRPG\Controller">
      <UniqueIdentifier>{f9d835d2-366b-466a-9c3a-a8406b8d2c1d}</UniqueIdentifier>
    </Filter>
    <Filter Include="소스 파일\TextRPG\Manager\Contents">
      <UniqueIdentifier>{224b2c69-0a4b-402e-a59c-e79895b7ebdb}</UniqueIdentifier>
    </Filter>
    <Filter Include="소스 파일\TextRPG\Manager\Core">
      <UniqueIdentifier>{857350db-d515-4736-b9fd-b9a10c7d6663}</UniqueIdentifier>
    </Filter>
    <Filter Include="소스 파일\TextRPG\main">
      <UniqueIdentifier>{cad3a57d-c986-4bd1-9216-92f9522674d5}</UniqueIdentifier>
    </Filter>
    <Filter Include="소스 파일\TextRPG\Utils">
      <UniqueIdentifier>{9930a74c-152c-4c43-9d94-8ded89d6e831}</UniqueIdentifier>
    </Filter>
    <Filter Include="소스 파일\TextRPG\Scene">
      <UniqueIdentifier>{67e020da-cc64-4936-865c-800822b7d9ab}</UniqueIdentifier>
    </Filter>
    <Filter Include="소스 파일\TextRPG\UI">
      <UniqueIdentifier>{5411537f-90ef-4d4d-bdf6-4f016f234943}</UniqueIdentifier>
    </Filter>
    <Filter Include="소스 파일\TextRPG\Component">
      <UniqueIdentifier>{9674afb6-a596-402b-881a-ff1a00ccef62}</UniqueIdentifier>
    </Filter>
    <Filter Include="소스 파일\TextRPG\Controller\Shop">
      <UniqueIdentifier>{03436934-1b6f-4e05-9b69-e8411eef96e4}</UniqueIdentifier>
    </Filter>
    <Filter Include="소스 파일\TextRPG\Controller\Item">
      <UniqueIdentifier>{6bc393cf-935e-4cde-9e7d-a1bd89f29a3a}</UniqueIdentifier>
    </Filter>
  </ItemGroup>
  <ItemGroup>
    <ClCompile Include="main.cpp">
      <Filter>소스 파일\TextRPG\main</Filter>
    </ClCompile>
    <ClCompile Include="stdafx.cpp">
      <Filter>소스 파일\TextRPG\main</Filter>
    </ClCompile>
    <ClCompile Include="UI.cpp">
      <Filter>소스 파일\TextRPG\Manager\Core</Filter>
    </ClCompile>
    <ClCompile Include="GameManager.cpp">
      <Filter>소스 파일\TextRPG\Manager\Contents</Filter>
    </ClCompile>
    <ClCompile Include="Observer.cpp">
      <Filter>소스 파일\TextRPG\Manager\Core</Filter>
    </ClCompile>
    <ClCompile Include="BaseCreature.cpp">
      <Filter>소스 파일\TextRPG\Controller</Filter>
    </ClCompile>
    <ClCompile Include="Player.cpp">
      <Filter>소스 파일\TextRPG\Controller</Filter>
    </ClCompile>
    <ClCompile Include="Pet.cpp">
      <Filter>소스 파일\TextRPG\Controller</Filter>
    </ClCompile>
    <ClCompile Include="Creature.cpp">
      <Filter>소스 파일\TextRPG\Controller</Filter>
    </ClCompile>
    <ClCompile Include="Field.cpp">
      <Filter>소스 파일\TextRPG\Scene</Filter>
    </ClCompile>
    <ClCompile Include="Inventory.cpp">
      <Filter>소스 파일\TextRPG\UI</Filter>
    </ClCompile>
    <ClCompile Include="Armor.cpp">
      <Filter>소스 파일\TextRPG\Controller\Item</Filter>
    </ClCompile>
    <ClCompile Include="ArmorShop.cpp">
      <Filter>소스 파일\TextRPG\Controller\Shop</Filter>
    </ClCompile>
    <ClCompile Include="Shop.cpp">
      <Filter>소스 파일\TextRPG\Controller\Shop</Filter>
    </ClCompile>
    <ClCompile Include="Weapon.cpp">
      <Filter>소스 파일\TextRPG\Controller\Item</Filter>
    </ClCompile>
    <ClCompile Include="WeaponShop.cpp">
      <Filter>소스 파일\TextRPG\Controller\Shop</Filter>
    </ClCompile>
    <ClCompile Include="Item.cpp">
      <Filter>소스 파일\TextRPG\Controller\Item</Filter>
    </ClCompile>
    <ClCompile Include="ConsumShop.cpp">
      <Filter>소스 파일\TextRPG\Controller\Shop</Filter>
    </ClCompile>
    <ClCompile Include="Consumable.cpp">
      <Filter>소스 파일\TextRPG\Controller\Item</Filter>
    </ClCompile>
  </ItemGroup>
  <ItemGroup>
    <ClInclude Include="stdafx.h">
      <Filter>소스 파일\TextRPG\main</Filter>
    </ClInclude>
    <ClInclude Include="UI.h">
      <Filter>소스 파일\TextRPG\Manager\Core</Filter>
    </ClInclude>
    <ClInclude Include="GameManager.h">
      <Filter>소스 파일\TextRPG\Manager\Contents</Filter>
    </ClInclude>
    <ClInclude Include="Observer.h">
      <Filter>소스 파일\TextRPG\Manager\Core</Filter>
    </ClInclude>
    <ClInclude Include="BaseCreature.h">
      <Filter>소스 파일\TextRPG\Controller</Filter>
    </ClInclude>
    <ClInclude Include="Player.h">
      <Filter>소스 파일\TextRPG\Controller</Filter>
    </ClInclude>
    <ClInclude Include="Pet.h">
      <Filter>소스 파일\TextRPG\Controller</Filter>
    </ClInclude>
    <ClInclude Include="Creature.h">
      <Filter>소스 파일\TextRPG\Controller</Filter>
    </ClInclude>
    <ClInclude Include="define.h">
      <Filter>소스 파일\TextRPG\Utils</Filter>
    </ClInclude>
    <ClInclude Include="Field.h">
      <Filter>소스 파일\TextRPG\Scene</Filter>
    </ClInclude>
    <ClInclude Include="Inventory.h">
      <Filter>소스 파일\TextRPG\UI</Filter>
    </ClInclude>
    <ClInclude Include="Armor.h">
      <Filter>소스 파일\TextRPG\Controller\Item</Filter>
    </ClInclude>
    <ClInclude Include="ArmorShop.h">
      <Filter>소스 파일\TextRPG\Controller\Shop</Filter>
    </ClInclude>
    <ClInclude Include="Shop.h">
      <Filter>소스 파일\TextRPG\Controller\Shop</Filter>
    </ClInclude>
    <ClInclude Include="Weapon.h">
      <Filter>소스 파일\TextRPG\Controller\Item</Filter>
    </ClInclude>
    <ClInclude Include="WeaponShop.h">
      <Filter>소스 파일\TextRPG\Controller\Shop</Filter>
    </ClInclude>
    <ClInclude Include="Item.h">
      <Filter>소스 파일\TextRPG\Controller\Item</Filter>
    </ClInclude>
    <ClInclude Include="ConsumShop.h">
      <Filter>소스 파일\TextRPG\Controller\Shop</Filter>
    </ClInclude>
    <ClInclude Include="Consumable.h">
      <Filter>소스 파일\TextRPG\Controller\Item</Filter>
    </ClInclude>
  </ItemGroup>
</Project>